
Microsoft Visual Studio Solution File, Format Version 12.00
# Visual Studio Version 17
VisualStudioVersion = 17.10.35122.118
MinimumVisualStudioVersion = 10.0.40219.1
Project("{FAE04EC0-301F-11D3-BF4B-00C04F79EFBC}") = "Arithmetic_Operation", "Arithmetic_Operation\Arithmetic_Operation.csproj", "{0DAF7E33-C381-4982-9656-71EE96AC52F7}"
EndProject
Global
	GlobalSection(SolutionConfigurationPlatforms) = preSolution
		Debug|Any CPU = Debug|Any CPU
		Release|Any CPU = Release|Any CPU
	EndGlobalSection
	GlobalSection(ProjectConfigurationPlatforms) = postSolution
		{0DAF7E33-C381-4982-9656-71EE96AC52F7}.Debug|Any CPU.ActiveCfg = Debug|Any CPU
		{0DAF7E33-C381-4982-9656-71EE96AC52F7}.Debug|Any CPU.Build.0 = Debug|Any CPU
		{0DAF7E33-C381-4982-9656-71EE96AC52F7}.Release|Any CPU.ActiveCfg = Release|Any CPU
		{0DAF7E33-C381-4982-9656-71EE96AC52F7}.Release|Any CPU.Build.0 = Release|Any CPU
	EndGlobalSection
	GlobalSection(SolutionProperties) = preSolution
		HideSolutionNode = FALSE
	EndGlobalSection
	GlobalSection(ExtensibilityGlobals) = postSolution
		SolutionGuid = {B2369825-EBEB-4935-AE16-1FDA00DCBCB1}
	EndGlobalSection
EndGlobal
