
Microsoft Visual Studio Solution File, Format Version 12.00
# Visual Studio Version 17
VisualStudioVersion = 17.10.35122.118
MinimumVisualStudioVersion = 10.0.40219.1
Project("{FAE04EC0-301F-11D3-BF4B-00C04F79EFBC}") = "CustomerDatabaseDetails", "CustomerDatabaseDetails\CustomerDatabaseDetails.csproj", "{236AAD94-4715-4BD5-8FCC-384221BA6BE6}"
EndProject
Global
	GlobalSection(SolutionConfigurationPlatforms) = preSolution
		Debug|Any CPU = Debug|Any CPU
		Release|Any CPU = Release|Any CPU
	EndGlobalSection
	GlobalSection(ProjectConfigurationPlatforms) = postSolution
		{236AAD94-4715-4BD5-8FCC-384221BA6BE6}.Debug|Any CPU.ActiveCfg = Debug|Any CPU
		{236AAD94-4715-4BD5-8FCC-384221BA6BE6}.Debug|Any CPU.Build.0 = Debug|Any CPU
		{236AAD94-4715-4BD5-8FCC-384221BA6BE6}.Release|Any CPU.ActiveCfg = Release|Any CPU
		{236AAD94-4715-4BD5-8FCC-384221BA6BE6}.Release|Any CPU.Build.0 = Release|Any CPU
	EndGlobalSection
	GlobalSection(SolutionProperties) = preSolution
		HideSolutionNode = FALSE
	EndGlobalSection
	GlobalSection(ExtensibilityGlobals) = postSolution
		SolutionGuid = {AC8D8570-6F32-4C44-9154-E688BBFB7709}
	EndGlobalSection
EndGlobal
