
Microsoft Visual Studio Solution File, Format Version 12.00
# Visual Studio Version 17
VisualStudioVersion = 17.10.35122.118
MinimumVisualStudioVersion = 10.0.40219.1
Project("{FAE04EC0-301F-11D3-BF4B-00C04F79EFBC}") = "ImageSelectionDemo", "ImageSelectionDemo\ImageSelectionDemo.csproj", "{4D384F9D-4AC9-4A00-9959-F7A3090C1E5D}"
EndProject
Global
	GlobalSection(SolutionConfigurationPlatforms) = preSolution
		Debug|Any CPU = Debug|Any CPU
		Release|Any CPU = Release|Any CPU
	EndGlobalSection
	GlobalSection(ProjectConfigurationPlatforms) = postSolution
		{4D384F9D-4AC9-4A00-9959-F7A3090C1E5D}.Debug|Any CPU.ActiveCfg = Debug|Any CPU
		{4D384F9D-4AC9-4A00-9959-F7A3090C1E5D}.Debug|Any CPU.Build.0 = Debug|Any CPU
		{4D384F9D-4AC9-4A00-9959-F7A3090C1E5D}.Release|Any CPU.ActiveCfg = Release|Any CPU
		{4D384F9D-4AC9-4A00-9959-F7A3090C1E5D}.Release|Any CPU.Build.0 = Release|Any CPU
	EndGlobalSection
	GlobalSection(SolutionProperties) = preSolution
		HideSolutionNode = FALSE
	EndGlobalSection
	GlobalSection(ExtensibilityGlobals) = postSolution
		SolutionGuid = {0CF0022B-4878-470F-8664-8D4D9F17B9A2}
	EndGlobalSection
EndGlobal
