
Microsoft Visual Studio Solution File, Format Version 12.00
# Visual Studio Version 17
VisualStudioVersion = 17.10.35122.118
MinimumVisualStudioVersion = 10.0.40219.1
Project("{FAE04EC0-301F-11D3-BF4B-00C04F79EFBC}") = "MonthShowing", "MonthShowing\MonthShowing.csproj", "{507BF7B7-573A-4DF6-9E0B-12B565DE5333}"
EndProject
Global
	GlobalSection(SolutionConfigurationPlatforms) = preSolution
		Debug|Any CPU = Debug|Any CPU
		Release|Any CPU = Release|Any CPU
	EndGlobalSection
	GlobalSection(ProjectConfigurationPlatforms) = postSolution
		{507BF7B7-573A-4DF6-9E0B-12B565DE5333}.Debug|Any CPU.ActiveCfg = Debug|Any CPU
		{507BF7B7-573A-4DF6-9E0B-12B565DE5333}.Debug|Any CPU.Build.0 = Debug|Any CPU
		{507BF7B7-573A-4DF6-9E0B-12B565DE5333}.Release|Any CPU.ActiveCfg = Release|Any CPU
		{507BF7B7-573A-4DF6-9E0B-12B565DE5333}.Release|Any CPU.Build.0 = Release|Any CPU
	EndGlobalSection
	GlobalSection(SolutionProperties) = preSolution
		HideSolutionNode = FALSE
	EndGlobalSection
	GlobalSection(ExtensibilityGlobals) = postSolution
		SolutionGuid = {4913EF4B-5581-4D0D-83D2-082C42710EA3}
	EndGlobalSection
EndGlobal
