
Microsoft Visual Studio Solution File, Format Version 12.00
# Visual Studio Version 17
VisualStudioVersion = 17.10.35122.118
MinimumVisualStudioVersion = 10.0.40219.1
Project("{FAE04EC0-301F-11D3-BF4B-00C04F79EFBC}") = "RegistrationSession", "RegistrationSession\RegistrationSession.csproj", "{3D166EA2-D05E-4278-8101-305C65F9C1A1}"
EndProject
Global
	GlobalSection(SolutionConfigurationPlatforms) = preSolution
		Debug|Any CPU = Debug|Any CPU
		Release|Any CPU = Release|Any CPU
	EndGlobalSection
	GlobalSection(ProjectConfigurationPlatforms) = postSolution
		{3D166EA2-D05E-4278-8101-305C65F9C1A1}.Debug|Any CPU.ActiveCfg = Debug|Any CPU
		{3D166EA2-D05E-4278-8101-305C65F9C1A1}.Debug|Any CPU.Build.0 = Debug|Any CPU
		{3D166EA2-D05E-4278-8101-305C65F9C1A1}.Release|Any CPU.ActiveCfg = Release|Any CPU
		{3D166EA2-D05E-4278-8101-305C65F9C1A1}.Release|Any CPU.Build.0 = Release|Any CPU
	EndGlobalSection
	GlobalSection(SolutionProperties) = preSolution
		HideSolutionNode = FALSE
	EndGlobalSection
	GlobalSection(ExtensibilityGlobals) = postSolution
		SolutionGuid = {E1B7D716-F843-485A-BB11-593F38C78D1E}
	EndGlobalSection
EndGlobal
